{
  "name": "@litcore/cli",
  "version": "1.0.0",
  "lockfileVersion": 3,
  "requires": true,
  "packages": {
    "": {
      "name": "@litcore/cli",
      "version": "1.0.0",
      "license": "MIT",
      "dependencies": {
        "@litcore/cli": "^1.0.0",
        "litcore": "^0.0.1-security"
      },
      "bin": {
        "litcore": "bin/litcore.js"
      }
    },
    "node_modules/@litcore/cli": {
      "version": "1.0.0",
      "resolved": "https://registry.npmjs.org/@litcore/cli/-/cli-1.0.0.tgz",
      "integrity": "sha512-E4b6oosqKPpb7VmM/wtgcKTTKUOb8T4y1ZRsAMxEK585s5eSLjr1GKfbFAlCYpFCrFCHvOvcvxA9sTiz9ynuoQ==",
      "license": "MIT",
      "bin": {
        "litcore": "bin/litcore.js"
      }
    },
    "node_modules/litcore": {
      "version": "0.0.1-security",
      "resolved": "https://registry.npmjs.org/litcore/-/litcore-0.0.1-security.tgz",
      "integrity": "sha512-OUEGxkeWN8tTq3zk6RDx/WkIJkIDRfQ2a7NJ0rqbro0X1g8qSMQJJX1Z0USjcAyFBvHNgJdyAXiY+lbyMwOGXQ=="
    }
  }
}
